// !$*UTF8*$!
{
	archiveVersion = 1;
	classes = {
	};
	objectVersion = 46;
	objects = {

/* Begin PBXBuildFile section */
		2741BA3D1BF17B3C00012C04 /* MapViewController.swift in Sources */ = {isa = PBXBuildFile; fileRef = 2741BA3C1BF17B3C00012C04 /* MapViewController.swift */; };
		2741BA401BF184F700012C04 /* DetailViewController.swift in Sources */ = {isa = PBXBuildFile; fileRef = 2741BA3F1BF184F700012C04 /* DetailViewController.swift */; };
		2747EB541BD8B53300B6CE43 /* AppDelegate.swift in Sources */ = {isa = PBXBuildFile; fileRef = 2747EB531BD8B53300B6CE43 /* AppDelegate.swift */; };
		2747EB561BD8B53300B6CE43 /* VegasViewController.swift in Sources */ = {isa = PBXBuildFile; fileRef = 2747EB551BD8B53300B6CE43 /* VegasViewController.swift */; };
		2747EB591BD8B53300B6CE43 /* Main.storyboard in Resources */ = {isa = PBXBuildFile; fileRef = 2747EB571BD8B53300B6CE43 /* Main.storyboard */; };
		2747EB5B1BD8B53300B6CE43 /* Assets.xcassets in Resources */ = {isa = PBXBuildFile; fileRef = 2747EB5A1BD8B53300B6CE43 /* Assets.xcassets */; };
		2747EB5E1BD8B53300B6CE43 /* LaunchScreen.storyboard in Resources */ = {isa = PBXBuildFile; fileRef = 2747EB5C1BD8B53300B6CE43 /* LaunchScreen.storyboard */; };
		2747EB691BD8B53300B6CE43 /* Las_Vegas_2Tests.swift in Sources */ = {isa = PBXBuildFile; fileRef = 2747EB681BD8B53300B6CE43 /* Las_Vegas_2Tests.swift */; };
		2747EB741BD8B53300B6CE43 /* Las_Vegas_2UITests.swift in Sources */ = {isa = PBXBuildFile; fileRef = 2747EB731BD8B53300B6CE43 /* Las_Vegas_2UITests.swift */; };
		2747EB851BD951F100B6CE43 /* Pin.swift in Sources */ = {isa = PBXBuildFile; fileRef = 2747EB841BD951F100B6CE43 /* Pin.swift */; };
		2747EB871BD951F800B6CE43 /* Location.swift in Sources */ = {isa = PBXBuildFile; fileRef = 2747EB861BD951F800B6CE43 /* Location.swift */; };
		2747EB891BD9547E00B6CE43 /* CoreDataStackManager.swift in Sources */ = {isa = PBXBuildFile; fileRef = 2747EB881BD9547E00B6CE43 /* CoreDataStackManager.swift */; };
		2747EB8C1BD957CF00B6CE43 /* Vegas.xcdatamodeld in Sources */ = {isa = PBXBuildFile; fileRef = 2747EB8A1BD957CF00B6CE43 /* Vegas.xcdatamodeld */; };
		2747EB8E1BDF088F00B6CE43 /* TableViewController.swift in Sources */ = {isa = PBXBuildFile; fileRef = 2747EB8D1BDF088F00B6CE43 /* TableViewController.swift */; };
		27FD7B0A1BE9963C00DF82B4 /* FoursquareClient.swift in Sources */ = {isa = PBXBuildFile; fileRef = 27FD7B091BE9963C00DF82B4 /* FoursquareClient.swift */; };
		27FD7B0C1BE9964D00DF82B4 /* FoursquareConstants.swift in Sources */ = {isa = PBXBuildFile; fileRef = 27FD7B0B1BE9964D00DF82B4 /* FoursquareConstants.swift */; };
		27FD7B0E1BEFD52C00DF82B4 /* Photo.swift in Sources */ = {isa = PBXBuildFile; fileRef = 27FD7B0D1BEFD52C00DF82B4 /* Photo.swift */; };
/* End PBXBuildFile section */

/* Begin PBXContainerItemProxy section */
		2747EB651BD8B53300B6CE43 /* PBXContainerItemProxy */ = {
			isa = PBXContainerItemProxy;
			containerPortal = 2747EB481BD8B53300B6CE43 /* Project object */;
			proxyType = 1;
			remoteGlobalIDString = 2747EB4F1BD8B53300B6CE43;
			remoteInfo = "Las Vegas 2";
		};
		2747EB701BD8B53300B6CE43 /* PBXContainerItemProxy */ = {
			isa = PBXContainerItemProxy;
			containerPortal = 2747EB481BD8B53300B6CE43 /* Project object */;
			proxyType = 1;
			remoteGlobalIDString = 2747EB4F1BD8B53300B6CE43;
			remoteInfo = "Las Vegas 2";
		};
/* End PBXContainerItemProxy section */

/* Begin PBXFileReference section */
		2741BA3C1BF17B3C00012C04 /* MapViewController.swift */ = {isa = PBXFileReference; fileEncoding = 4; lastKnownFileType = sourcecode.swift; path = MapViewController.swift; sourceTree = "<group>"; };
		2741BA3F1BF184F700012C04 /* DetailViewController.swift */ = {isa = PBXFileReference; fileEncoding = 4; lastKnownFileType = sourcecode.swift; path = DetailViewController.swift; sourceTree = "<group>"; };
		2747EB501BD8B53300B6CE43 /* Las Vegas 2.app */ = {isa = PBXFileReference; explicitFileType = wrapper.application; includeInIndex = 0; path = "Las Vegas 2.app"; sourceTree = BUILT_PRODUCTS_DIR; };
		2747EB531BD8B53300B6CE43 /* AppDelegate.swift */ = {isa = PBXFileReference; lastKnownFileType = sourcecode.swift; path = AppDelegate.swift; sourceTree = "<group>"; };
		2747EB551BD8B53300B6CE43 /* VegasViewController.swift */ = {isa = PBXFileReference; lastKnownFileType = sourcecode.swift; path = VegasViewController.swift; sourceTree = "<group>"; };
		2747EB581BD8B53300B6CE43 /* Base */ = {isa = PBXFileReference; lastKnownFileType = file.storyboard; name = Base; path = Base.lproj/Main.storyboard; sourceTree = "<group>"; };
		2747EB5A1BD8B53300B6CE43 /* Assets.xcassets */ = {isa = PBXFileReference; lastKnownFileType = folder.assetcatalog; path = Assets.xcassets; sourceTree = "<group>"; };
		2747EB5D1BD8B53300B6CE43 /* Base */ = {isa = PBXFileReference; lastKnownFileType = file.storyboard; name = Base; path = Base.lproj/LaunchScreen.storyboard; sourceTree = "<group>"; };
		2747EB5F1BD8B53300B6CE43 /* Info.plist */ = {isa = PBXFileReference; lastKnownFileType = text.plist.xml; path = Info.plist; sourceTree = "<group>"; };
		2747EB641BD8B53300B6CE43 /* Las Vegas 2Tests.xctest */ = {isa = PBXFileReference; explicitFileType = wrapper.cfbundle; includeInIndex = 0; path = "Las Vegas 2Tests.xctest"; sourceTree = BUILT_PRODUCTS_DIR; };
		2747EB681BD8B53300B6CE43 /* Las_Vegas_2Tests.swift */ = {isa = PBXFileReference; lastKnownFileType = sourcecode.swift; path = Las_Vegas_2Tests.swift; sourceTree = "<group>"; };
		2747EB6A1BD8B53300B6CE43 /* Info.plist */ = {isa = PBXFileReference; lastKnownFileType = text.plist.xml; path = Info.plist; sourceTree = "<group>"; };
		2747EB6F1BD8B53300B6CE43 /* Las Vegas 2UITests.xctest */ = {isa = PBXFileReference; explicitFileType = wrapper.cfbundle; includeInIndex = 0; path = "Las Vegas 2UITests.xctest"; sourceTree = BUILT_PRODUCTS_DIR; };
		2747EB731BD8B53300B6CE43 /* Las_Vegas_2UITests.swift */ = {isa = PBXFileReference; lastKnownFileType = sourcecode.swift; path = Las_Vegas_2UITests.swift; sourceTree = "<group>"; };
		2747EB751BD8B53300B6CE43 /* Info.plist */ = {isa = PBXFileReference; lastKnownFileType = text.plist.xml; path = Info.plist; sourceTree = "<group>"; };
		2747EB841BD951F100B6CE43 /* Pin.swift */ = {isa = PBXFileReference; fileEncoding = 4; lastKnownFileType = sourcecode.swift; path = Pin.swift; sourceTree = "<group>"; };
		2747EB861BD951F800B6CE43 /* Location.swift */ = {isa = PBXFileReference; fileEncoding = 4; lastKnownFileType = sourcecode.swift; path = Location.swift; sourceTree = "<group>"; };
		2747EB881BD9547E00B6CE43 /* CoreDataStackManager.swift */ = {isa = PBXFileReference; fileEncoding = 4; lastKnownFileType = sourcecode.swift; path = CoreDataStackManager.swift; sourceTree = "<group>"; };
		2747EB8B1BD957CF00B6CE43 /* Vegas.xcdatamodel */ = {isa = PBXFileReference; lastKnownFileType = wrapper.xcdatamodel; path = Vegas.xcdatamodel; sourceTree = "<group>"; };
		2747EB8D1BDF088F00B6CE43 /* TableViewController.swift */ = {isa = PBXFileReference; fileEncoding = 4; lastKnownFileType = sourcecode.swift; path = TableViewController.swift; sourceTree = "<group>"; };
		27FD7B091BE9963C00DF82B4 /* FoursquareClient.swift */ = {isa = PBXFileReference; fileEncoding = 4; lastKnownFileType = sourcecode.swift; path = FoursquareClient.swift; sourceTree = "<group>"; };
		27FD7B0B1BE9964D00DF82B4 /* FoursquareConstants.swift */ = {isa = PBXFileReference; fileEncoding = 4; lastKnownFileType = sourcecode.swift; path = FoursquareConstants.swift; sourceTree = "<group>"; };
		27FD7B0D1BEFD52C00DF82B4 /* Photo.swift */ = {isa = PBXFileReference; fileEncoding = 4; lastKnownFileType = sourcecode.swift; path = Photo.swift; sourceTree = "<group>"; };
/* End PBXFileReference section */

/* Begin PBXFrameworksBuildPhase section */
		2747EB4D1BD8B53300B6CE43 /* Frameworks */ = {
			isa = PBXFrameworksBuildPhase;
			buildActionMask = 2147483647;
			files = (
			);
			runOnlyForDeploymentPostprocessing = 0;
		};
		2747EB611BD8B53300B6CE43 /* Frameworks */ = {
			isa = PBXFrameworksBuildPhase;
			buildActionMask = 2147483647;
			files = (
			);
			runOnlyForDeploymentPostprocessing = 0;
		};
		2747EB6C1BD8B53300B6CE43 /* Frameworks */ = {
			isa = PBXFrameworksBuildPhase;
			buildActionMask = 2147483647;
			files = (
			);
			runOnlyForDeploymentPostprocessing = 0;
		};
/* End PBXFrameworksBuildPhase section */

/* Begin PBXGroup section */
		2747EB471BD8B53300B6CE43 = {
			isa = PBXGroup;
			children = (
				2747EB521BD8B53300B6CE43 /* Las Vegas 2 */,
				2747EB671BD8B53300B6CE43 /* Las Vegas 2Tests */,
				2747EB721BD8B53300B6CE43 /* Las Vegas 2UITests */,
				2747EB511BD8B53300B6CE43 /* Products */,
			);
			sourceTree = "<group>";
		};
		2747EB511BD8B53300B6CE43 /* Products */ = {
			isa = PBXGroup;
			children = (
				2747EB501BD8B53300B6CE43 /* Las Vegas 2.app */,
				2747EB641BD8B53300B6CE43 /* Las Vegas 2Tests.xctest */,
				2747EB6F1BD8B53300B6CE43 /* Las Vegas 2UITests.xctest */,
			);
			name = Products;
			sourceTree = "<group>";
		};
		2747EB521BD8B53300B6CE43 /* Las Vegas 2 */ = {
			isa = PBXGroup;
			children = (
				2747EB881BD9547E00B6CE43 /* CoreDataStackManager.swift */,
				2747EB831BD951E200B6CE43 /* Model */,
				2747EB811BD8B61A00B6CE43 /* Controller */,
				2747EB821BD8B64E00B6CE43 /* Supporting Files */,
			);
			path = "Las Vegas 2";
			sourceTree = "<group>";
		};
		2747EB671BD8B53300B6CE43 /* Las Vegas 2Tests */ = {
			isa = PBXGroup;
			children = (
				2747EB681BD8B53300B6CE43 /* Las_Vegas_2Tests.swift */,
				2747EB6A1BD8B53300B6CE43 /* Info.plist */,
			);
			path = "Las Vegas 2Tests";
			sourceTree = "<group>";
		};
		2747EB721BD8B53300B6CE43 /* Las Vegas 2UITests */ = {
			isa = PBXGroup;
			children = (
				2747EB731BD8B53300B6CE43 /* Las_Vegas_2UITests.swift */,
				2747EB751BD8B53300B6CE43 /* Info.plist */,
			);
			path = "Las Vegas 2UITests";
			sourceTree = "<group>";
		};
		2747EB811BD8B61A00B6CE43 /* Controller */ = {
			isa = PBXGroup;
			children = (
				2747EB551BD8B53300B6CE43 /* VegasViewController.swift */,
				2747EB8D1BDF088F00B6CE43 /* TableViewController.swift */,
				2741BA3C1BF17B3C00012C04 /* MapViewController.swift */,
				2741BA3F1BF184F700012C04 /* DetailViewController.swift */,
			);
			name = Controller;
			sourceTree = "<group>";
		};
		2747EB821BD8B64E00B6CE43 /* Supporting Files */ = {
			isa = PBXGroup;
			children = (
				2747EB531BD8B53300B6CE43 /* AppDelegate.swift */,
				2747EB571BD8B53300B6CE43 /* Main.storyboard */,
				2747EB5A1BD8B53300B6CE43 /* Assets.xcassets */,
				2747EB5C1BD8B53300B6CE43 /* LaunchScreen.storyboard */,
				2747EB5F1BD8B53300B6CE43 /* Info.plist */,
				2747EB8A1BD957CF00B6CE43 /* Vegas.xcdatamodeld */,
			);
			name = "Supporting Files";
			sourceTree = "<group>";
		};
		2747EB831BD951E200B6CE43 /* Model */ = {
			isa = PBXGroup;
			children = (
				27FD7B081BE9962800DF82B4 /* Foursquare */,
				2747EB841BD951F100B6CE43 /* Pin.swift */,
				2747EB861BD951F800B6CE43 /* Location.swift */,
				27FD7B0D1BEFD52C00DF82B4 /* Photo.swift */,
			);
			name = Model;
			sourceTree = "<group>";
		};
		27FD7B081BE9962800DF82B4 /* Foursquare */ = {
			isa = PBXGroup;
			children = (
				27FD7B091BE9963C00DF82B4 /* FoursquareClient.swift */,
				27FD7B0B1BE9964D00DF82B4 /* FoursquareConstants.swift */,
			);
			name = Foursquare;
			sourceTree = "<group>";
		};
/* End PBXGroup section */

/* Begin PBXNativeTarget section */
		2747EB4F1BD8B53300B6CE43 /* Las Vegas 2 */ = {
			isa = PBXNativeTarget;
			buildConfigurationList = 2747EB781BD8B53300B6CE43 /* Build configuration list for PBXNativeTarget "Las Vegas 2" */;
			buildPhases = (
				2747EB4C1BD8B53300B6CE43 /* Sources */,
				2747EB4D1BD8B53300B6CE43 /* Frameworks */,
				2747EB4E1BD8B53300B6CE43 /* Resources */,
			);
			buildRules = (
			);
			dependencies = (
			);
			name = "Las Vegas 2";
			productName = "Las Vegas 2";
			productReference = 2747EB501BD8B53300B6CE43 /* Las Vegas 2.app */;
			productType = "com.apple.product-type.application";
		};
		2747EB631BD8B53300B6CE43 /* Las Vegas 2Tests */ = {
			isa = PBXNativeTarget;
			buildConfigurationList = 2747EB7B1BD8B53300B6CE43 /* Build configuration list for PBXNativeTarget "Las Vegas 2Tests" */;
			buildPhases = (
				2747EB601BD8B53300B6CE43 /* Sources */,
				2747EB611BD8B53300B6CE43 /* Frameworks */,
				2747EB621BD8B53300B6CE43 /* Resources */,
			);
			buildRules = (
			);
			dependencies = (
				2747EB661BD8B53300B6CE43 /* PBXTargetDependency */,
			);
			name = "Las Vegas 2Tests";
			productName = "Las Vegas 2Tests";
			productReference = 2747EB641BD8B53300B6CE43 /* Las Vegas 2Tests.xctest */;
			productType = "com.apple.product-type.bundle.unit-test";
		};
		2747EB6E1BD8B53300B6CE43 /* Las Vegas 2UITests */ = {
			isa = PBXNativeTarget;
			buildConfigurationList = 2747EB7E1BD8B53300B6CE43 /* Build configuration list for PBXNativeTarget "Las Vegas 2UITests" */;
			buildPhases = (
				2747EB6B1BD8B53300B6CE43 /* Sources */,
				2747EB6C1BD8B53300B6CE43 /* Frameworks */,
				2747EB6D1BD8B53300B6CE43 /* Resources */,
			);
			buildRules = (
			);
			dependencies = (
				2747EB711BD8B53300B6CE43 /* PBXTargetDependency */,
			);
			name = "Las Vegas 2UITests";
			productName = "Las Vegas 2UITests";
			productReference = 2747EB6F1BD8B53300B6CE43 /* Las Vegas 2UITests.xctest */;
			productType = "com.apple.product-type.bundle.ui-testing";
		};
/* End PBXNativeTarget section */

/* Begin PBXProject section */
		2747EB481BD8B53300B6CE43 /* Project object */ = {
			isa = PBXProject;
			attributes = {
				LastUpgradeCheck = 0700;
				ORGANIZATIONNAME = "Chris Archibald";
				TargetAttributes = {
					2747EB4F1BD8B53300B6CE43 = {
						CreatedOnToolsVersion = 7.0.1;
					};
					2747EB631BD8B53300B6CE43 = {
						CreatedOnToolsVersion = 7.0.1;
						TestTargetID = 2747EB4F1BD8B53300B6CE43;
					};
					2747EB6E1BD8B53300B6CE43 = {
						CreatedOnToolsVersion = 7.0.1;
						TestTargetID = 2747EB4F1BD8B53300B6CE43;
					};
				};
			};
			buildConfigurationList = 2747EB4B1BD8B53300B6CE43 /* Build configuration list for PBXProject "Las Vegas 2" */;
			compatibilityVersion = "Xcode 3.2";
			developmentRegion = English;
			hasScannedForEncodings = 0;
			knownRegions = (
				en,
				Base,
			);
			mainGroup = 2747EB471BD8B53300B6CE43;
			productRefGroup = 2747EB511BD8B53300B6CE43 /* Products */;
			projectDirPath = "";
			projectRoot = "";
			targets = (
				2747EB4F1BD8B53300B6CE43 /* Las Vegas 2 */,
				2747EB631BD8B53300B6CE43 /* Las Vegas 2Tests */,
				2747EB6E1BD8B53300B6CE43 /* Las Vegas 2UITests */,
			);
		};
/* End PBXProject section */

/* Begin PBXResourcesBuildPhase section */
		2747EB4E1BD8B53300B6CE43 /* Resources */ = {
			isa = PBXResourcesBuildPhase;
			buildActionMask = 2147483647;
			files = (
				2747EB5E1BD8B53300B6CE43 /* LaunchScreen.storyboard in Resources */,
				2747EB5B1BD8B53300B6CE43 /* Assets.xcassets in Resources */,
				2747EB591BD8B53300B6CE43 /* Main.storyboard in Resources */,
			);
			runOnlyForDeploymentPostprocessing = 0;
		};
		2747EB621BD8B53300B6CE43 /* Resources */ = {
			isa = PBXResourcesBuildPhase;
			buildActionMask = 2147483647;
			files = (
			);
			runOnlyForDeploymentPostprocessing = 0;
		};
		2747EB6D1BD8B53300B6CE43 /* Resources */ = {
			isa = PBXResourcesBuildPhase;
			buildActionMask = 2147483647;
			files = (
			);
			runOnlyForDeploymentPostprocessing = 0;
		};
/* End PBXResourcesBuildPhase section */

/* Begin PBXSourcesBuildPhase section */
		2747EB4C1BD8B53300B6CE43 /* Sources */ = {
			isa = PBXSourcesBuildPhase;
			buildActionMask = 2147483647;
			files = (
				2741BA3D1BF17B3C00012C04 /* MapViewController.swift in Sources */,
				27FD7B0C1BE9964D00DF82B4 /* FoursquareConstants.swift in Sources */,
				2747EB851BD951F100B6CE43 /* Pin.swift in Sources */,
				2741BA401BF184F700012C04 /* DetailViewController.swift in Sources */,
				2747EB8E1BDF088F00B6CE43 /* TableViewController.swift in Sources */,
				2747EB561BD8B53300B6CE43 /* VegasViewController.swift in Sources */,
				27FD7B0E1BEFD52C00DF82B4 /* Photo.swift in Sources */,
				2747EB8C1BD957CF00B6CE43 /* Vegas.xcdatamodeld in Sources */,
				2747EB871BD951F800B6CE43 /* Location.swift in Sources */,
				27FD7B0A1BE9963C00DF82B4 /* FoursquareClient.swift in Sources */,
				2747EB891BD9547E00B6CE43 /* CoreDataStackManager.swift in Sources */,
				2747EB541BD8B53300B6CE43 /* AppDelegate.swift in Sources */,
			);
			runOnlyForDeploymentPostprocessing = 0;
		};
		2747EB601BD8B53300B6CE43 /* Sources */ = {
			isa = PBXSourcesBuildPhase;
			buildActionMask = 2147483647;
			files = (
				2747EB691BD8B53300B6CE43 /* Las_Vegas_2Tests.swift in Sources */,
			);
			runOnlyForDeploymentPostprocessing = 0;
		};
		2747EB6B1BD8B53300B6CE43 /* Sources */ = {
			isa = PBXSourcesBuildPhase;
			buildActionMask = 2147483647;
			files = (
				2747EB741BD8B53300B6CE43 /* Las_Vegas_2UITests.swift in Sources */,
			);
			runOnlyForDeploymentPostprocessing = 0;
		};
/* End PBXSourcesBuildPhase section */

/* Begin PBXTargetDependency section */
		2747EB661BD8B53300B6CE43 /* PBXTargetDependency */ = {
			isa = PBXTargetDependency;
			target = 2747EB4F1BD8B53300B6CE43 /* Las Vegas 2 */;
			targetProxy = 2747EB651BD8B53300B6CE43 /* PBXContainerItemProxy */;
		};
		2747EB711BD8B53300B6CE43 /* PBXTargetDependency */ = {
			isa = PBXTargetDependency;
			target = 2747EB4F1BD8B53300B6CE43 /* Las Vegas 2 */;
			targetProxy = 2747EB701BD8B53300B6CE43 /* PBXContainerItemProxy */;
		};
/* End PBXTargetDependency section */

/* Begin PBXVariantGroup section */
		2747EB571BD8B53300B6CE43 /* Main.storyboard */ = {
			isa = PBXVariantGroup;
			children = (
				2747EB581BD8B53300B6CE43 /* Base */,
			);
			name = Main.storyboard;
			sourceTree = "<group>";
		};
		2747EB5C1BD8B53300B6CE43 /* LaunchScreen.storyboard */ = {
			isa = PBXVariantGroup;
			children = (
				2747EB5D1BD8B53300B6CE43 /* Base */,
			);
			name = LaunchScreen.storyboard;
			sourceTree = "<group>";
		};
/* End PBXVariantGroup section */

/* Begin XCBuildConfiguration section */
		2747EB761BD8B53300B6CE43 /* Debug */ = {
			isa = XCBuildConfiguration;
			buildSettings = {
				ALWAYS_SEARCH_USER_PATHS = NO;
				CLANG_CXX_LANGUAGE_STANDARD = "gnu++0x";
				CLANG_CXX_LIBRARY = "libc++";
				CLANG_ENABLE_MODULES = YES;
				CLANG_ENABLE_OBJC_ARC = YES;
				CLANG_WARN_BOOL_CONVERSION = YES;
				CLANG_WARN_CONSTANT_CONVERSION = YES;
				CLANG_WARN_DIRECT_OBJC_ISA_USAGE = YES_ERROR;
				CLANG_WARN_EMPTY_BODY = YES;
				CLANG_WARN_ENUM_CONVERSION = YES;
				CLANG_WARN_INT_CONVERSION = YES;
				CLANG_WARN_OBJC_ROOT_CLASS = YES_ERROR;
				CLANG_WARN_UNREACHABLE_CODE = YES;
				CLANG_WARN__DUPLICATE_METHOD_MATCH = YES;
				"CODE_SIGN_IDENTITY[sdk=iphoneos*]" = "iPhone Developer";
				COPY_PHASE_STRIP = NO;
				DEBUG_INFORMATION_FORMAT = dwarf;
				ENABLE_STRICT_OBJC_MSGSEND = YES;
				ENABLE_TESTABILITY = YES;
				GCC_C_LANGUAGE_STANDARD = gnu99;
				GCC_DYNAMIC_NO_PIC = NO;
				GCC_NO_COMMON_BLOCKS = YES;
				GCC_OPTIMIZATION_LEVEL = 0;
				GCC_PREPROCESSOR_DEFINITIONS = (
					"DEBUG=1",
					"$(inherited)",
				);
				GCC_WARN_64_TO_32_BIT_CONVERSION = YES;
				GCC_WARN_ABOUT_RETURN_TYPE = YES_ERROR;
				GCC_WARN_UNDECLARED_SELECTOR = YES;
				GCC_WARN_UNINITIALIZED_AUTOS = YES_AGGRESSIVE;
				GCC_WARN_UNUSED_FUNCTION = YES;
				GCC_WARN_UNUSED_VARIABLE = YES;
				IPHONEOS_DEPLOYMENT_TARGET = 9.0;
				MTL_ENABLE_DEBUG_INFO = YES;
				ONLY_ACTIVE_ARCH = YES;
				SDKROOT = iphoneos;
				SWIFT_OPTIMIZATION_LEVEL = "-Onone";
				TARGETED_DEVICE_FAMILY = "1,2";
			};
			name = Debug;
		};
		2747EB771BD8B53300B6CE43 /* Release */ = {
			isa = XCBuildConfiguration;
			buildSettings = {
				ALWAYS_SEARCH_USER_PATHS = NO;
				CLANG_CXX_LANGUAGE_STANDARD = "gnu++0x";
				CLANG_CXX_LIBRARY = "libc++";
				CLANG_ENABLE_MODULES = YES;
				CLANG_ENABLE_OBJC_ARC = YES;
				CLANG_WARN_BOOL_CONVERSION = YES;
				CLANG_WARN_CONSTANT_CONVERSION = YES;
				CLANG_WARN_DIRECT_OBJC_ISA_USAGE = YES_ERROR;
				CLANG_WARN_EMPTY_BODY = YES;
				CLANG_WARN_ENUM_CONVERSION = YES;
				CLANG_WARN_INT_CONVERSION = YES;
				CLANG_WARN_OBJC_ROOT_CLASS = YES_ERROR;
				CLANG_WARN_UNREACHABLE_CODE = YES;
				CLANG_WARN__DUPLICATE_METHOD_MATCH = YES;
				"CODE_SIGN_IDENTITY[sdk=iphoneos*]" = "iPhone Developer";
				COPY_PHASE_STRIP = NO;
				DEBUG_INFORMATION_FORMAT = "dwarf-with-dsym";
				ENABLE_NS_ASSERTIONS = NO;
				ENABLE_STRICT_OBJC_MSGSEND = YES;
				GCC_C_LANGUAGE_STANDARD = gnu99;
				GCC_NO_COMMON_BLOCKS = YES;
				GCC_WARN_64_TO_32_BIT_CONVERSION = YES;
				GCC_WARN_ABOUT_RETURN_TYPE = YES_ERROR;
				GCC_WARN_UNDECLARED_SELECTOR = YES;
				GCC_WARN_UNINITIALIZED_AUTOS = YES_AGGRESSIVE;
				GCC_WARN_UNUSED_FUNCTION = YES;
				GCC_WARN_UNUSED_VARIABLE = YES;
				IPHONEOS_DEPLOYMENT_TARGET = 9.0;
				MTL_ENABLE_DEBUG_INFO = NO;
				SDKROOT = iphoneos;
				TARGETED_DEVICE_FAMILY = "1,2";
				VALIDATE_PRODUCT = YES;
			};
			name = Release;
		};
		2747EB791BD8B53300B6CE43 /* Debug */ = {
			isa = XCBuildConfiguration;
			buildSettings = {
				ASSETCATALOG_COMPILER_APPICON_NAME = AppIcon;
				INFOPLIST_FILE = "Las Vegas 2/Info.plist";
				LD_RUNPATH_SEARCH_PATHS = "$(inherited) @executable_path/Frameworks";
				PRODUCT_BUNDLE_IDENTIFIER = "com.ogrebear.Las-Vegas-2";
				PRODUCT_NAME = "$(TARGET_NAME)";
			};
			name = Debug;
		};
		2747EB7A1BD8B53300B6CE43 /* Release */ = {
			isa = XCBuildConfiguration;
			buildSettings = {
				ASSETCATALOG_COMPILER_APPICON_NAME = AppIcon;
				INFOPLIST_FILE = "Las Vegas 2/Info.plist";
				LD_RUNPATH_SEARCH_PATHS = "$(inherited) @executable_path/Frameworks";
				PRODUCT_BUNDLE_IDENTIFIER = "com.ogrebear.Las-Vegas-2";
				PRODUCT_NAME = "$(TARGET_NAME)";
			};
			name = Release;
		};
		2747EB7C1BD8B53300B6CE43 /* Debug */ = {
			isa = XCBuildConfiguration;
			buildSettings = {
				BUNDLE_LOADER = "$(TEST_HOST)";
				INFOPLIST_FILE = "Las Vegas 2Tests/Info.plist";
				LD_RUNPATH_SEARCH_PATHS = "$(inherited) @executable_path/Frameworks @loader_path/Frameworks";
				PRODUCT_BUNDLE_IDENTIFIER = "com.ogrebear.Las-Vegas-2Tests";
				PRODUCT_NAME = "$(TARGET_NAME)";
				TEST_HOST = "$(BUILT_PRODUCTS_DIR)/Las Vegas 2.app/Las Vegas 2";
			};
			name = Debug;
		};
		2747EB7D1BD8B53300B6CE43 /* Release */ = {
			isa = XCBuildConfiguration;
			buildSettings = {
				BUNDLE_LOADER = "$(TEST_HOST)";
				INFOPLIST_FILE = "Las Vegas 2Tests/Info.plist";
				LD_RUNPATH_SEARCH_PATHS = "$(inherited) @executable_path/Frameworks @loader_path/Frameworks";
				PRODUCT_BUNDLE_IDENTIFIER = "com.ogrebear.Las-Vegas-2Tests";
				PRODUCT_NAME = "$(TARGET_NAME)";
				TEST_HOST = "$(BUILT_PRODUCTS_DIR)/Las Vegas 2.app/Las Vegas 2";
			};
			name = Release;
		};
		2747EB7F1BD8B53300B6CE43 /* Debug */ = {
			isa = XCBuildConfiguration;
			buildSettings = {
				INFOPLIST_FILE = "Las Vegas 2UITests/Info.plist";
				LD_RUNPATH_SEARCH_PATHS = "$(inherited) @executable_path/Frameworks @loader_path/Frameworks";
				PRODUCT_BUNDLE_IDENTIFIER = "com.ogrebear.Las-Vegas-2UITests";
				PRODUCT_NAME = "$(TARGET_NAME)";
				TEST_TARGET_NAME = "Las Vegas 2";
				USES_XCTRUNNER = YES;
			};
			name = Debug;
		};
		2747EB801BD8B53300B6CE43 /* Release */ = {
			isa = XCBuildConfiguration;
			buildSettings = {
				INFOPLIST_FILE = "Las Vegas 2UITests/Info.plist";
				LD_RUNPATH_SEARCH_PATHS = "$(inherited) @executable_path/Frameworks @loader_path/Frameworks";
				PRODUCT_BUNDLE_IDENTIFIER = "com.ogrebear.Las-Vegas-2UITests";
				PRODUCT_NAME = "$(TARGET_NAME)";
				TEST_TARGET_NAME = "Las Vegas 2";
				USES_XCTRUNNER = YES;
			};
			name = Release;
		};
/* End XCBuildConfiguration section */

/* Begin XCConfigurationList section */
		2747EB4B1BD8B53300B6CE43 /* Build configuration list for PBXProject "Las Vegas 2" */ = {
			isa = XCConfigurationList;
			buildConfigurations = (
				2747EB761BD8B53300B6CE43 /* Debug */,
				2747EB771BD8B53300B6CE43 /* Release */,
			);
			defaultConfigurationIsVisible = 0;
			defaultConfigurationName = Release;
		};
		2747EB781BD8B53300B6CE43 /* Build configuration list for PBXNativeTarget "Las Vegas 2" */ = {
			isa = XCConfigurationList;
			buildConfigurations = (
				2747EB791BD8B53300B6CE43 /* Debug */,
				2747EB7A1BD8B53300B6CE43 /* Release */,
			);
			defaultConfigurationIsVisible = 0;
			defaultConfigurationName = Release;
		};
		2747EB7B1BD8B53300B6CE43 /* Build configuration list for PBXNativeTarget "Las Vegas 2Tests" */ = {
			isa = XCConfigurationList;
			buildConfigurations = (
				2747EB7C1BD8B53300B6CE43 /* Debug */,
				2747EB7D1BD8B53300B6CE43 /* Release */,
			);
			defaultConfigurationIsVisible = 0;
			defaultConfigurationName = Release;
		};
		2747EB7E1BD8B53300B6CE43 /* Build configuration list for PBXNativeTarget "Las Vegas 2UITests" */ = {
			isa = XCConfigurationList;
			buildConfigurations = (
				2747EB7F1BD8B53300B6CE43 /* Debug */,
				2747EB801BD8B53300B6CE43 /* Release */,
			);
			defaultConfigurationIsVisible = 0;
			defaultConfigurationName = Release;
		};
/* End XCConfigurationList section */

/* Begin XCVersionGroup section */
		2747EB8A1BD957CF00B6CE43 /* Vegas.xcdatamodeld */ = {
			isa = XCVersionGroup;
			children = (
				2747EB8B1BD957CF00B6CE43 /* Vegas.xcdatamodel */,
			);
			currentVersion = 2747EB8B1BD957CF00B6CE43 /* Vegas.xcdatamodel */;
			path = Vegas.xcdatamodeld;
			sourceTree = "<group>";
			versionGroupType = wrapper.xcdatamodel;
		};
/* End XCVersionGroup section */
	};
	rootObject = 2747EB481BD8B53300B6CE43 /* Project object */;
}
